github.com/dullkingsman/go-pkg/utils v0.0.3-alpha.4/go.mod h1:tGmiK1/oXjsWjCkuuPgLOqyEQ184Z159J7mJIJ7+UeI=
github.com/dullkingsman/go-pkg/utils v0.0.3-alpha-1 h1:qLYce/KJzKOlAM/AvQ2TqtVQFJAzLi1jMUaK6CIV31Y=
github.com/dullkingsman/go-pkg/utils v0.0.3-alpha-1/go.mod h1:tGmiK1/oXjsWjCkuuPgLOqyEQ184Z159J7mJIJ7+UeI=
github.com/google/uuid v1.6.0 h1:NIvaJDMOsjHA8n1jAhLSgzrAzy1Hgr+hNrb57e+94F0=
github.com/google/uuid v1.6.0/go.mod h1:TIyPZe4MgqvfeYDBFedMoGGpEw/LqOeaOT+nhxU+yHo=
